
Microsoft Visual Studio Solution File, Format Version 12.00
# Visual Studio Version 17
VisualStudioVersion = 17.14.36401.2
MinimumVisualStudioVersion = 10.0.40219.1
Project("{FAE04EC0-301F-11D3-BF4B-00C04F79EFBC}") = "Deneme", "Deneme\Deneme.csproj", "{D1D88558-5EF9-4CB3-BF26-62027548CC46}"
EndProject
Project("{2150E333-8FDC-42A3-9474-1A3956D46DE8}") = "Solution Items", "Solution Items", "{8EC462FD-D22E-90A8-E5CE-7E832BA40C5D}"
	ProjectSection(SolutionItems) = preProject
		.gitignore = .gitignore
	EndProjectSection
EndProject
Global
	GlobalSection(SolutionConfigurationPlatforms) = preSolution
		Debug|Any CPU = Debug|Any CPU
		Release|Any CPU = Release|Any CPU
	EndGlobalSection
	GlobalSection(ProjectConfigurationPlatforms) = postSolution
		{D1D88558-5EF9-4CB3-BF26-62027548CC46}.Debug|Any CPU.ActiveCfg = Debug|Any CPU
		{D1D88558-5EF9-4CB3-BF26-62027548CC46}.Debug|Any CPU.Build.0 = Debug|Any CPU
		{D1D88558-5EF9-4CB3-BF26-62027548CC46}.Release|Any CPU.ActiveCfg = Release|Any CPU
		{D1D88558-5EF9-4CB3-BF26-62027548CC46}.Release|Any CPU.Build.0 = Release|Any CPU
	EndGlobalSection
	GlobalSection(SolutionProperties) = preSolution
		HideSolutionNode = FALSE
	EndGlobalSection
	GlobalSection(ExtensibilityGlobals) = postSolution
		SolutionGuid = {B63D33D5-0B09-4800-B5D5-148E61A85647}
	EndGlobalSection
EndGlobal
